
Microsoft Visual Studio Solution File, Format Version 12.00
# Visual Studio Version 16
VisualStudioVersion = 16.0.30611.23
MinimumVisualStudioVersion = 10.0.40219.1
Project("{FAE04EC0-301F-11D3-BF4B-00C04F79EFBC}") = "Simple Game", "Simple Game.csproj", "{7D24FFFE-9649-40A3-B41F-4AD79F2671BF}"
EndProject
Global
	GlobalSection(SolutionConfigurationPlatforms) = preSolution
		Debug|Any CPU = Debug|Any CPU
		Release|Any CPU = Release|Any CPU
	EndGlobalSection
	GlobalSection(ProjectConfigurationPlatforms) = postSolution
		{7D24FFFE-9649-40A3-B41F-4AD79F2671BF}.Debug|Any CPU.ActiveCfg = Debug|Any CPU
		{7D24FFFE-9649-40A3-B41F-4AD79F2671BF}.Debug|Any CPU.Build.0 = Debug|Any CPU
		{7D24FFFE-9649-40A3-B41F-4AD79F2671BF}.Release|Any CPU.ActiveCfg = Release|Any CPU
		{7D24FFFE-9649-40A3-B41F-4AD79F2671BF}.Release|Any CPU.Build.0 = Release|Any CPU
	EndGlobalSection
	GlobalSection(SolutionProperties) = preSolution
		HideSolutionNode = FALSE
	EndGlobalSection
	GlobalSection(ExtensibilityGlobals) = postSolution
		SolutionGuid = {E493476B-142B-4584-B2BA-8BD1151DB1FB}
	EndGlobalSection
EndGlobal
